
Microsoft Visual Studio Solution File, Format Version 12.00
# Visual Studio Version 16
VisualStudioVersion = 16.0.32002.261
MinimumVisualStudioVersion = 10.0.40219.1
Project("{8BC9CEB8-8B4A-11D0-8D11-00A0C91BC942}") = "oj_3", "oj_3\oj_3.vcxproj", "{CD313A12-40E1-4660-9C3A-30088D69946B}"
EndProject
Global
	GlobalSection(SolutionConfigurationPlatforms) = preSolution
		Debug|x64 = Debug|x64
		Debug|x86 = Debug|x86
		Release|x64 = Release|x64
		Release|x86 = Release|x86
	EndGlobalSection
	GlobalSection(ProjectConfigurationPlatforms) = postSolution
		{CD313A12-40E1-4660-9C3A-30088D69946B}.Debug|x64.ActiveCfg = Debug|x64
		{CD313A12-40E1-4660-9C3A-30088D69946B}.Debug|x64.Build.0 = Debug|x64
		{CD313A12-40E1-4660-9C3A-30088D69946B}.Debug|x86.ActiveCfg = Debug|Win32
		{CD313A12-40E1-4660-9C3A-30088D69946B}.Debug|x86.Build.0 = Debug|Win32
		{CD313A12-40E1-4660-9C3A-30088D69946B}.Release|x64.ActiveCfg = Release|x64
		{CD313A12-40E1-4660-9C3A-30088D69946B}.Release|x64.Build.0 = Release|x64
		{CD313A12-40E1-4660-9C3A-30088D69946B}.Release|x86.ActiveCfg = Release|Win32
		{CD313A12-40E1-4660-9C3A-30088D69946B}.Release|x86.Build.0 = Release|Win32
	EndGlobalSection
	GlobalSection(SolutionProperties) = preSolution
		HideSolutionNode = FALSE
	EndGlobalSection
	GlobalSection(ExtensibilityGlobals) = postSolution
		SolutionGuid = {EDE5F3F6-A3FF-4086-A8CB-DA185E9F8B70}
	EndGlobalSection
EndGlobal
