
Microsoft Visual Studio Solution File, Format Version 12.00
# Visual Studio Version 16
VisualStudioVersion = 16.0.32002.261
MinimumVisualStudioVersion = 10.0.40219.1
Project("{8BC9CEB8-8B4A-11D0-8D11-00A0C91BC942}") = "有序序列合并", "有序序列合并\有序序列合并.vcxproj", "{63536B68-CF70-4360-9372-93D6C0A8BA6A}"
EndProject
Global
	GlobalSection(SolutionConfigurationPlatforms) = preSolution
		Debug|x64 = Debug|x64
		Debug|x86 = Debug|x86
		Release|x64 = Release|x64
		Release|x86 = Release|x86
	EndGlobalSection
	GlobalSection(ProjectConfigurationPlatforms) = postSolution
		{63536B68-CF70-4360-9372-93D6C0A8BA6A}.Debug|x64.ActiveCfg = Debug|x64
		{63536B68-CF70-4360-9372-93D6C0A8BA6A}.Debug|x64.Build.0 = Debug|x64
		{63536B68-CF70-4360-9372-93D6C0A8BA6A}.Debug|x86.ActiveCfg = Debug|Win32
		{63536B68-CF70-4360-9372-93D6C0A8BA6A}.Debug|x86.Build.0 = Debug|Win32
		{63536B68-CF70-4360-9372-93D6C0A8BA6A}.Release|x64.ActiveCfg = Release|x64
		{63536B68-CF70-4360-9372-93D6C0A8BA6A}.Release|x64.Build.0 = Release|x64
		{63536B68-CF70-4360-9372-93D6C0A8BA6A}.Release|x86.ActiveCfg = Release|Win32
		{63536B68-CF70-4360-9372-93D6C0A8BA6A}.Release|x86.Build.0 = Release|Win32
	EndGlobalSection
	GlobalSection(SolutionProperties) = preSolution
		HideSolutionNode = FALSE
	EndGlobalSection
	GlobalSection(ExtensibilityGlobals) = postSolution
		SolutionGuid = {DFB47D5B-3EA5-415A-BBE0-289249517FB0}
	EndGlobalSection
EndGlobal
