
Microsoft Visual Studio Solution File, Format Version 12.00
# Visual Studio Version 16
VisualStudioVersion = 16.0.31702.278
MinimumVisualStudioVersion = 10.0.40219.1
Project("{8BC9CEB8-8B4A-11D0-8D11-00A0C91BC942}") = "circulation_two", "circulation_two\circulation_two.vcxproj", "{4A738692-B0E6-41B6-A078-3CCA14BC463D}"
EndProject
Global
	GlobalSection(SolutionConfigurationPlatforms) = preSolution
		Debug|x64 = Debug|x64
		Debug|x86 = Debug|x86
		Release|x64 = Release|x64
		Release|x86 = Release|x86
	EndGlobalSection
	GlobalSection(ProjectConfigurationPlatforms) = postSolution
		{4A738692-B0E6-41B6-A078-3CCA14BC463D}.Debug|x64.ActiveCfg = Debug|x64
		{4A738692-B0E6-41B6-A078-3CCA14BC463D}.Debug|x64.Build.0 = Debug|x64
		{4A738692-B0E6-41B6-A078-3CCA14BC463D}.Debug|x86.ActiveCfg = Debug|Win32
		{4A738692-B0E6-41B6-A078-3CCA14BC463D}.Debug|x86.Build.0 = Debug|Win32
		{4A738692-B0E6-41B6-A078-3CCA14BC463D}.Release|x64.ActiveCfg = Release|x64
		{4A738692-B0E6-41B6-A078-3CCA14BC463D}.Release|x64.Build.0 = Release|x64
		{4A738692-B0E6-41B6-A078-3CCA14BC463D}.Release|x86.ActiveCfg = Release|Win32
		{4A738692-B0E6-41B6-A078-3CCA14BC463D}.Release|x86.Build.0 = Release|Win32
	EndGlobalSection
	GlobalSection(SolutionProperties) = preSolution
		HideSolutionNode = FALSE
	EndGlobalSection
	GlobalSection(ExtensibilityGlobals) = postSolution
		SolutionGuid = {BA7CD2C5-9CB4-4F44-A05B-DAAF0B5E5FE6}
	EndGlobalSection
EndGlobal
