
Microsoft Visual Studio Solution File, Format Version 12.00
# Visual Studio Version 16
VisualStudioVersion = 16.0.32002.261
MinimumVisualStudioVersion = 10.0.40219.1
Project("{8BC9CEB8-8B4A-11D0-8D11-00A0C91BC942}") = "Change_number", "Change_number\Change_number.vcxproj", "{5BEE3BC6-E532-441F-A957-568919B6B4AD}"
EndProject
Global
	GlobalSection(SolutionConfigurationPlatforms) = preSolution
		Debug|x64 = Debug|x64
		Debug|x86 = Debug|x86
		Release|x64 = Release|x64
		Release|x86 = Release|x86
	EndGlobalSection
	GlobalSection(ProjectConfigurationPlatforms) = postSolution
		{5BEE3BC6-E532-441F-A957-568919B6B4AD}.Debug|x64.ActiveCfg = Debug|x64
		{5BEE3BC6-E532-441F-A957-568919B6B4AD}.Debug|x64.Build.0 = Debug|x64
		{5BEE3BC6-E532-441F-A957-568919B6B4AD}.Debug|x86.ActiveCfg = Debug|Win32
		{5BEE3BC6-E532-441F-A957-568919B6B4AD}.Debug|x86.Build.0 = Debug|Win32
		{5BEE3BC6-E532-441F-A957-568919B6B4AD}.Release|x64.ActiveCfg = Release|x64
		{5BEE3BC6-E532-441F-A957-568919B6B4AD}.Release|x64.Build.0 = Release|x64
		{5BEE3BC6-E532-441F-A957-568919B6B4AD}.Release|x86.ActiveCfg = Release|Win32
		{5BEE3BC6-E532-441F-A957-568919B6B4AD}.Release|x86.Build.0 = Release|Win32
	EndGlobalSection
	GlobalSection(SolutionProperties) = preSolution
		HideSolutionNode = FALSE
	EndGlobalSection
	GlobalSection(ExtensibilityGlobals) = postSolution
		SolutionGuid = {DC0B4F4B-8AE6-42F5-A507-EBBC7C867238}
	EndGlobalSection
EndGlobal
