
Microsoft Visual Studio Solution File, Format Version 12.00
# Visual Studio Version 16
VisualStudioVersion = 16.0.32002.261
MinimumVisualStudioVersion = 10.0.40219.1
Project("{8BC9CEB8-8B4A-11D0-8D11-00A0C91BC942}") = "guess_ranking", "guess_ranking\guess_ranking.vcxproj", "{1B50301E-6C4C-4C58-9F5F-408465B4C634}"
EndProject
Global
	GlobalSection(SolutionConfigurationPlatforms) = preSolution
		Debug|x64 = Debug|x64
		Debug|x86 = Debug|x86
		Release|x64 = Release|x64
		Release|x86 = Release|x86
	EndGlobalSection
	GlobalSection(ProjectConfigurationPlatforms) = postSolution
		{1B50301E-6C4C-4C58-9F5F-408465B4C634}.Debug|x64.ActiveCfg = Debug|x64
		{1B50301E-6C4C-4C58-9F5F-408465B4C634}.Debug|x64.Build.0 = Debug|x64
		{1B50301E-6C4C-4C58-9F5F-408465B4C634}.Debug|x86.ActiveCfg = Debug|Win32
		{1B50301E-6C4C-4C58-9F5F-408465B4C634}.Debug|x86.Build.0 = Debug|Win32
		{1B50301E-6C4C-4C58-9F5F-408465B4C634}.Release|x64.ActiveCfg = Release|x64
		{1B50301E-6C4C-4C58-9F5F-408465B4C634}.Release|x64.Build.0 = Release|x64
		{1B50301E-6C4C-4C58-9F5F-408465B4C634}.Release|x86.ActiveCfg = Release|Win32
		{1B50301E-6C4C-4C58-9F5F-408465B4C634}.Release|x86.Build.0 = Release|Win32
	EndGlobalSection
	GlobalSection(SolutionProperties) = preSolution
		HideSolutionNode = FALSE
	EndGlobalSection
	GlobalSection(ExtensibilityGlobals) = postSolution
		SolutionGuid = {8ADE96DD-1E1C-4DB7-A257-58667AEF4C94}
	EndGlobalSection
EndGlobal
