
Microsoft Visual Studio Solution File, Format Version 12.00
# Visual Studio Version 16
VisualStudioVersion = 16.0.31702.278
MinimumVisualStudioVersion = 10.0.40219.1
Project("{8BC9CEB8-8B4A-11D0-8D11-00A0C91BC942}") = "recursion_one", "recursion_one\recursion_one.vcxproj", "{246BD71A-9562-42B5-A509-7F3447BF9375}"
EndProject
Global
	GlobalSection(SolutionConfigurationPlatforms) = preSolution
		Debug|x64 = Debug|x64
		Debug|x86 = Debug|x86
		Release|x64 = Release|x64
		Release|x86 = Release|x86
	EndGlobalSection
	GlobalSection(ProjectConfigurationPlatforms) = postSolution
		{246BD71A-9562-42B5-A509-7F3447BF9375}.Debug|x64.ActiveCfg = Debug|x64
		{246BD71A-9562-42B5-A509-7F3447BF9375}.Debug|x64.Build.0 = Debug|x64
		{246BD71A-9562-42B5-A509-7F3447BF9375}.Debug|x86.ActiveCfg = Debug|Win32
		{246BD71A-9562-42B5-A509-7F3447BF9375}.Debug|x86.Build.0 = Debug|Win32
		{246BD71A-9562-42B5-A509-7F3447BF9375}.Release|x64.ActiveCfg = Release|x64
		{246BD71A-9562-42B5-A509-7F3447BF9375}.Release|x64.Build.0 = Release|x64
		{246BD71A-9562-42B5-A509-7F3447BF9375}.Release|x86.ActiveCfg = Release|Win32
		{246BD71A-9562-42B5-A509-7F3447BF9375}.Release|x86.Build.0 = Release|Win32
	EndGlobalSection
	GlobalSection(SolutionProperties) = preSolution
		HideSolutionNode = FALSE
	EndGlobalSection
	GlobalSection(ExtensibilityGlobals) = postSolution
		SolutionGuid = {3F3B3E27-D926-4353-974A-2F3FD8A388FF}
	EndGlobalSection
EndGlobal
