
Microsoft Visual Studio Solution File, Format Version 12.00
# Visual Studio Version 16
VisualStudioVersion = 16.0.32002.261
MinimumVisualStudioVersion = 10.0.40219.1
Project("{8BC9CEB8-8B4A-11D0-8D11-00A0C91BC942}") = "guess_the _killer", "guess_the _killer\guess_the _killer.vcxproj", "{BED05452-691C-4858-A4E6-733AA9EC3775}"
EndProject
Global
	GlobalSection(SolutionConfigurationPlatforms) = preSolution
		Debug|x64 = Debug|x64
		Debug|x86 = Debug|x86
		Release|x64 = Release|x64
		Release|x86 = Release|x86
	EndGlobalSection
	GlobalSection(ProjectConfigurationPlatforms) = postSolution
		{BED05452-691C-4858-A4E6-733AA9EC3775}.Debug|x64.ActiveCfg = Debug|x64
		{BED05452-691C-4858-A4E6-733AA9EC3775}.Debug|x64.Build.0 = Debug|x64
		{BED05452-691C-4858-A4E6-733AA9EC3775}.Debug|x86.ActiveCfg = Debug|Win32
		{BED05452-691C-4858-A4E6-733AA9EC3775}.Debug|x86.Build.0 = Debug|Win32
		{BED05452-691C-4858-A4E6-733AA9EC3775}.Release|x64.ActiveCfg = Release|x64
		{BED05452-691C-4858-A4E6-733AA9EC3775}.Release|x64.Build.0 = Release|x64
		{BED05452-691C-4858-A4E6-733AA9EC3775}.Release|x86.ActiveCfg = Release|Win32
		{BED05452-691C-4858-A4E6-733AA9EC3775}.Release|x86.Build.0 = Release|Win32
	EndGlobalSection
	GlobalSection(SolutionProperties) = preSolution
		HideSolutionNode = FALSE
	EndGlobalSection
	GlobalSection(ExtensibilityGlobals) = postSolution
		SolutionGuid = {130A6B40-E53A-46B0-BC01-CADAE0C87B95}
	EndGlobalSection
EndGlobal
