
Microsoft Visual Studio Solution File, Format Version 12.00
# Visual Studio Version 16
VisualStudioVersion = 16.0.32002.261
MinimumVisualStudioVersion = 10.0.40219.1
Project("{8BC9CEB8-8B4A-11D0-8D11-00A0C91BC942}") = "Slist_OJ_third", "Slist_OJ_third\Slist_OJ_third.vcxproj", "{1E053F5F-FE3A-4E02-B3D2-7E947A70C195}"
EndProject
Global
	GlobalSection(SolutionConfigurationPlatforms) = preSolution
		Debug|x64 = Debug|x64
		Debug|x86 = Debug|x86
		Release|x64 = Release|x64
		Release|x86 = Release|x86
	EndGlobalSection
	GlobalSection(ProjectConfigurationPlatforms) = postSolution
		{1E053F5F-FE3A-4E02-B3D2-7E947A70C195}.Debug|x64.ActiveCfg = Debug|x64
		{1E053F5F-FE3A-4E02-B3D2-7E947A70C195}.Debug|x64.Build.0 = Debug|x64
		{1E053F5F-FE3A-4E02-B3D2-7E947A70C195}.Debug|x86.ActiveCfg = Debug|Win32
		{1E053F5F-FE3A-4E02-B3D2-7E947A70C195}.Debug|x86.Build.0 = Debug|Win32
		{1E053F5F-FE3A-4E02-B3D2-7E947A70C195}.Release|x64.ActiveCfg = Release|x64
		{1E053F5F-FE3A-4E02-B3D2-7E947A70C195}.Release|x64.Build.0 = Release|x64
		{1E053F5F-FE3A-4E02-B3D2-7E947A70C195}.Release|x86.ActiveCfg = Release|Win32
		{1E053F5F-FE3A-4E02-B3D2-7E947A70C195}.Release|x86.Build.0 = Release|Win32
	EndGlobalSection
	GlobalSection(SolutionProperties) = preSolution
		HideSolutionNode = FALSE
	EndGlobalSection
	GlobalSection(ExtensibilityGlobals) = postSolution
		SolutionGuid = {F56FE286-D224-4A62-BA01-2573F4977725}
	EndGlobalSection
EndGlobal
