
Microsoft Visual Studio Solution File, Format Version 12.00
# Visual Studio Version 16
VisualStudioVersion = 16.0.32002.261
MinimumVisualStudioVersion = 10.0.40219.1
Project("{8BC9CEB8-8B4A-11D0-8D11-00A0C91BC942}") = "Memory_funtion", "Memory_funtion\Memory_funtion.vcxproj", "{E672D503-2606-421F-8B1A-F5A71C6A95DC}"
EndProject
Global
	GlobalSection(SolutionConfigurationPlatforms) = preSolution
		Debug|x64 = Debug|x64
		Debug|x86 = Debug|x86
		Release|x64 = Release|x64
		Release|x86 = Release|x86
	EndGlobalSection
	GlobalSection(ProjectConfigurationPlatforms) = postSolution
		{E672D503-2606-421F-8B1A-F5A71C6A95DC}.Debug|x64.ActiveCfg = Debug|x64
		{E672D503-2606-421F-8B1A-F5A71C6A95DC}.Debug|x64.Build.0 = Debug|x64
		{E672D503-2606-421F-8B1A-F5A71C6A95DC}.Debug|x86.ActiveCfg = Debug|Win32
		{E672D503-2606-421F-8B1A-F5A71C6A95DC}.Debug|x86.Build.0 = Debug|Win32
		{E672D503-2606-421F-8B1A-F5A71C6A95DC}.Release|x64.ActiveCfg = Release|x64
		{E672D503-2606-421F-8B1A-F5A71C6A95DC}.Release|x64.Build.0 = Release|x64
		{E672D503-2606-421F-8B1A-F5A71C6A95DC}.Release|x86.ActiveCfg = Release|Win32
		{E672D503-2606-421F-8B1A-F5A71C6A95DC}.Release|x86.Build.0 = Release|Win32
	EndGlobalSection
	GlobalSection(SolutionProperties) = preSolution
		HideSolutionNode = FALSE
	EndGlobalSection
	GlobalSection(ExtensibilityGlobals) = postSolution
		SolutionGuid = {B9AB067C-23BF-40F6-A2E1-3F7DF7DB8C41}
	EndGlobalSection
EndGlobal
