
Microsoft Visual Studio Solution File, Format Version 12.00
# Visual Studio Version 16
VisualStudioVersion = 16.0.31702.278
MinimumVisualStudioVersion = 10.0.40219.1
Project("{8BC9CEB8-8B4A-11D0-8D11-00A0C91BC942}") = "langing_scene", "langing_scene\langing_scene.vcxproj", "{0EEEAEBF-48D5-468C-996B-8F1DAA0CBAAA}"
EndProject
Global
	GlobalSection(SolutionConfigurationPlatforms) = preSolution
		Debug|x64 = Debug|x64
		Debug|x86 = Debug|x86
		Release|x64 = Release|x64
		Release|x86 = Release|x86
	EndGlobalSection
	GlobalSection(ProjectConfigurationPlatforms) = postSolution
		{0EEEAEBF-48D5-468C-996B-8F1DAA0CBAAA}.Debug|x64.ActiveCfg = Debug|x64
		{0EEEAEBF-48D5-468C-996B-8F1DAA0CBAAA}.Debug|x64.Build.0 = Debug|x64
		{0EEEAEBF-48D5-468C-996B-8F1DAA0CBAAA}.Debug|x86.ActiveCfg = Debug|Win32
		{0EEEAEBF-48D5-468C-996B-8F1DAA0CBAAA}.Debug|x86.Build.0 = Debug|Win32
		{0EEEAEBF-48D5-468C-996B-8F1DAA0CBAAA}.Release|x64.ActiveCfg = Release|x64
		{0EEEAEBF-48D5-468C-996B-8F1DAA0CBAAA}.Release|x64.Build.0 = Release|x64
		{0EEEAEBF-48D5-468C-996B-8F1DAA0CBAAA}.Release|x86.ActiveCfg = Release|Win32
		{0EEEAEBF-48D5-468C-996B-8F1DAA0CBAAA}.Release|x86.Build.0 = Release|Win32
	EndGlobalSection
	GlobalSection(SolutionProperties) = preSolution
		HideSolutionNode = FALSE
	EndGlobalSection
	GlobalSection(ExtensibilityGlobals) = postSolution
		SolutionGuid = {8E04C256-FACE-419B-8DBD-C75E0766F3B5}
	EndGlobalSection
EndGlobal
